
Microsoft Visual Studio Solution File, Format Version 12.00
Project("{FAE04EC0-301F-11D3-BF4B-00C04F79EFBC}") = "JapaneseGraph", "JapaneseGraph\JapaneseGraph.csproj", "{E7B3D154-F622-4B6C-81BD-994BF9F174C4}"
EndProject
Project("{FAE04EC0-301F-11D3-BF4B-00C04F79EFBC}") = "JapaneseGraph.Tests", "JapaneseGraph.Tests\JapaneseGraph.Tests.csproj", "{672A4A96-9FD7-44B6-96A1-02DAC1C7A0EB}"
EndProject
Project("{FAE04EC0-301F-11D3-BF4B-00C04F79EFBC}") = "JapaneseGraphDataLoader", "JapaneseGraphDataLoader\JapaneseGraphDataLoader.csproj", "{9344D187-EEDC-4983-B3B6-28A7476FA176}"
EndProject
Project("{FAE04EC0-301F-11D3-BF4B-00C04F79EFBC}") = "JapaneseGraph.Shared", "JapaneseGraph.Shared\JapaneseGraph.Shared.csproj", "{F381E88F-E527-4BC9-A625-C77B1AB77298}"
EndProject
Global
	GlobalSection(SolutionConfigurationPlatforms) = preSolution
		Debug|Any CPU = Debug|Any CPU
		Release|Any CPU = Release|Any CPU
	EndGlobalSection
	GlobalSection(ProjectConfigurationPlatforms) = postSolution
		{E7B3D154-F622-4B6C-81BD-994BF9F174C4}.Debug|Any CPU.ActiveCfg = Debug|Any CPU
		{E7B3D154-F622-4B6C-81BD-994BF9F174C4}.Debug|Any CPU.Build.0 = Debug|Any CPU
		{E7B3D154-F622-4B6C-81BD-994BF9F174C4}.Release|Any CPU.ActiveCfg = Release|Any CPU
		{E7B3D154-F622-4B6C-81BD-994BF9F174C4}.Release|Any CPU.Build.0 = Release|Any CPU
		{672A4A96-9FD7-44B6-96A1-02DAC1C7A0EB}.Debug|Any CPU.ActiveCfg = Debug|Any CPU
		{672A4A96-9FD7-44B6-96A1-02DAC1C7A0EB}.Debug|Any CPU.Build.0 = Debug|Any CPU
		{672A4A96-9FD7-44B6-96A1-02DAC1C7A0EB}.Release|Any CPU.ActiveCfg = Release|Any CPU
		{672A4A96-9FD7-44B6-96A1-02DAC1C7A0EB}.Release|Any CPU.Build.0 = Release|Any CPU
		{9344D187-EEDC-4983-B3B6-28A7476FA176}.Debug|Any CPU.ActiveCfg = Debug|Any CPU
		{9344D187-EEDC-4983-B3B6-28A7476FA176}.Debug|Any CPU.Build.0 = Debug|Any CPU
		{9344D187-EEDC-4983-B3B6-28A7476FA176}.Release|Any CPU.ActiveCfg = Release|Any CPU
		{9344D187-EEDC-4983-B3B6-28A7476FA176}.Release|Any CPU.Build.0 = Release|Any CPU
		{F381E88F-E527-4BC9-A625-C77B1AB77298}.Debug|Any CPU.ActiveCfg = Debug|Any CPU
		{F381E88F-E527-4BC9-A625-C77B1AB77298}.Debug|Any CPU.Build.0 = Debug|Any CPU
		{F381E88F-E527-4BC9-A625-C77B1AB77298}.Release|Any CPU.ActiveCfg = Release|Any CPU
		{F381E88F-E527-4BC9-A625-C77B1AB77298}.Release|Any CPU.Build.0 = Release|Any CPU
	EndGlobalSection
EndGlobal
